
Microsoft Visual Studio Solution File, Format Version 12.00
# Visual Studio Version 16
VisualStudioVersion = 16.0.28803.352
MinimumVisualStudioVersion = 10.0.40219.1
Project("{FAE04EC0-301F-11D3-BF4B-00C04F79EFBC}") = "ContosoUniversity", "ContosoUniversity\ContosoUniversity.csproj", "{6B1FCD52-89A4-490D-9725-4DDF9BA29AE2}"
EndProject
Global
	GlobalSection(SolutionConfigurationPlatforms) = preSolution
		Debug|Any CPU = Debug|Any CPU
		Release|Any CPU = Release|Any CPU
	EndGlobalSection
	GlobalSection(ProjectConfigurationPlatforms) = postSolution
		{6B1FCD52-89A4-490D-9725-4DDF9BA29AE2}.Debug|Any CPU.ActiveCfg = Debug|Any CPU
		{6B1FCD52-89A4-490D-9725-4DDF9BA29AE2}.Debug|Any CPU.Build.0 = Debug|Any CPU
		{6B1FCD52-89A4-490D-9725-4DDF9BA29AE2}.Release|Any CPU.ActiveCfg = Release|Any CPU
		{6B1FCD52-89A4-490D-9725-4DDF9BA29AE2}.Release|Any CPU.Build.0 = Release|Any CPU
	EndGlobalSection
	GlobalSection(SolutionProperties) = preSolution
		HideSolutionNode = FALSE
	EndGlobalSection
	GlobalSection(ExtensibilityGlobals) = postSolution
		SolutionGuid = {4BA40D4B-376F-4FFB-9AA1-838E7246D0EF}
	EndGlobalSection
EndGlobal
